
Microsoft Visual Studio Solution File, Format Version 12.00
# Visual Studio Version 17
VisualStudioVersion = 17.5.002.0
MinimumVisualStudioVersion = 10.0.40219.1
Project("{9A19103F-16F7-4668-BE54-9A1E7A4F7556}") = "fifth", "fifth.csproj", "{CFB9CB5A-2677-4016-B022-9EFC7A207328}"
EndProject
Global
	GlobalSection(SolutionConfigurationPlatforms) = preSolution
		Debug|Any CPU = Debug|Any CPU
		Release|Any CPU = Release|Any CPU
	EndGlobalSection
	GlobalSection(ProjectConfigurationPlatforms) = postSolution
		{CFB9CB5A-2677-4016-B022-9EFC7A207328}.Debug|Any CPU.ActiveCfg = Debug|Any CPU
		{CFB9CB5A-2677-4016-B022-9EFC7A207328}.Debug|Any CPU.Build.0 = Debug|Any CPU
		{CFB9CB5A-2677-4016-B022-9EFC7A207328}.Release|Any CPU.ActiveCfg = Release|Any CPU
		{CFB9CB5A-2677-4016-B022-9EFC7A207328}.Release|Any CPU.Build.0 = Release|Any CPU
	EndGlobalSection
	GlobalSection(SolutionProperties) = preSolution
		HideSolutionNode = FALSE
	EndGlobalSection
	GlobalSection(ExtensibilityGlobals) = postSolution
		SolutionGuid = {DF288162-6985-494D-8F15-5ECBD1DDAB4C}
	EndGlobalSection
EndGlobal
