
Microsoft Visual Studio Solution File, Format Version 12.00
# Visual Studio Version 17
VisualStudioVersion = 17.5.002.0
MinimumVisualStudioVersion = 10.0.40219.1
Project("{9A19103F-16F7-4668-BE54-9A1E7A4F7556}") = "first", "first.csproj", "{615C2657-021D-427B-886D-4E1191BC4A7F}"
EndProject
Global
	GlobalSection(SolutionConfigurationPlatforms) = preSolution
		Debug|Any CPU = Debug|Any CPU
		Release|Any CPU = Release|Any CPU
	EndGlobalSection
	GlobalSection(ProjectConfigurationPlatforms) = postSolution
		{615C2657-021D-427B-886D-4E1191BC4A7F}.Debug|Any CPU.ActiveCfg = Debug|Any CPU
		{615C2657-021D-427B-886D-4E1191BC4A7F}.Debug|Any CPU.Build.0 = Debug|Any CPU
		{615C2657-021D-427B-886D-4E1191BC4A7F}.Release|Any CPU.ActiveCfg = Release|Any CPU
		{615C2657-021D-427B-886D-4E1191BC4A7F}.Release|Any CPU.Build.0 = Release|Any CPU
	EndGlobalSection
	GlobalSection(SolutionProperties) = preSolution
		HideSolutionNode = FALSE
	EndGlobalSection
	GlobalSection(ExtensibilityGlobals) = postSolution
		SolutionGuid = {790E0296-9626-4F26-B7EC-6E84D138868A}
	EndGlobalSection
EndGlobal
